<Solution>
  <Configurations>
    <Platform Name="x64" />
    <Platform Name="x86" />
  </Configurations>
  <Project Path="Chapter10_1/Chapter10_1.vcxproj" Id="6ffc4545-22bc-471b-aed0-489eba6d6a73" />
  <Project Path="Chapter1_1/Chapter1_1.vcxproj" Id="2cdc9ef2-0c95-405d-a112-2d2e49abd62c" />
  <Project Path="Chapter2_1/Chapter2_1.vcxproj" Id="00394ad7-b4b9-4514-ad26-ea3505445ea2" />
  <Project Path="Chapter2_10/Chapter2_10.vcxproj" Id="b960e2c3-1646-4bff-aa3e-fb36c766d773" />
  <Project Path="Chapter2_2/Chapter2_2.vcxproj" Id="52b53d64-e394-4c28-bc61-910ccbd12c48" />
  <Project Path="Chapter2_3/Chapter2_3.vcxproj" Id="f8c8f914-b4a0-4f2f-9adb-a0cbdde38380" />
  <Project Path="Chapter2_4/Chapter2_4.vcxproj" Id="d6cc7fcd-28ec-4f03-a5eb-a96f5b0de50d" />
  <Project Path="Chapter2_5/Chapter2_5.vcxproj" Id="eb04a2a4-2d05-40cc-8854-b290231cda11" />
  <Project Path="Chapter2_6/Chapter2_6.vcxproj" Id="d04c1827-e17f-4b25-a5f7-69acd1d7e631" />
  <Project Path="Chapter2_7/Chapter2_7.vcxproj" Id="171b9a8c-6582-4193-8c96-367ab37e7461" />
  <Project Path="Chapter2_8/Chapter2_8.vcxproj" Id="f53d89f1-196d-41ca-89a8-a34cec32acbb" />
  <Project Path="Chapter2_9/Chapter2_9.vcxproj" Id="37fc8646-1be4-4e31-b94d-f0ace8ac65d0" />
  <Project Path="Chapter3_1/Chapter3_1.vcxproj" Id="af995f2a-d79d-4256-bd7e-17ad1aeb911c" />
  <Project Path="Chapter3_2/Chapter3_2.vcxproj" Id="f9409033-da56-4e99-8a8c-ccfd2ff1fa86" />
  <Project Path="Chapter3_3/Chapter3_3.vcxproj" Id="cac67617-4693-4bb3-9e98-7ec7afb8c27b" />
  <Project Path="Chapter3_4/Chapter3_4.vcxproj" Id="9050a255-b516-45e1-8a8a-0f6fb9360917" />
  <Project Path="Chapter3_5/Chapter3_5.vcxproj" Id="8d88739e-69fd-4c95-8037-29d26defb512" />
  <Project Path="Chapter3_6/Chapter3_6.vcxproj" Id="63643633-7781-4dba-aa70-f57f0e6c83d5" />
  <Project Path="Chapter3_7/Chapter3_7.vcxproj" Id="7bd1c7b3-c3d9-45fd-a2dc-81713c928500" />
  <Project Path="Chapter3_8/Chapter3_8.vcxproj" Id="bd4b49bc-a6a5-48a7-8da0-cff3c05db16f" />
  <Project Path="Chapter3_9/Chapter3_9.vcxproj" Id="84062a6f-747d-469e-be48-9f6421bbab0e" />
  <Project Path="Chapter4_1/Chapter4_1.vcxproj" Id="f99f0869-fb54-4b36-9a05-7ac5635a3087" />
  <Project Path="Chapter4_2/Chapter4_2.vcxproj" Id="3745ffcf-6ce7-47a2-b8a7-ecf38fbb92fe" />
  <Project Path="Chapter4_3/Chapter4_3.vcxproj" Id="3c30c193-f201-4732-8d9d-a5d702972cf0" />
  <Project Path="Chapter4_4/Chapter4_4.vcxproj" Id="e620b0f2-257e-4ff0-9903-98a8f75fc629" />
  <Project Path="Chapter4_5/Chapter4_5.vcxproj" Id="031436c5-c4a3-4e9b-8e2a-51ef654a7c8f" />
  <Project Path="Chapter4_6/Chapter4_6.vcxproj" Id="1424f0e5-7252-41bf-9e92-c5a26b0ac54b" />
  <Project Path="Chapter4_7/Chapter4_7.vcxproj" Id="2a5f2a69-e96a-45e9-9f3b-29c5840479b0" />
  <Project Path="Chapter4_8/Chapter4_8.vcxproj" Id="5bd043a2-9304-4275-80a3-78b4dfe8e30c" />
  <Project Path="Chapter4_quiz/Chapter4_quiz.vcxproj" Id="3ae08f28-4c04-40dc-a7e0-2db6fb00dcd5" />
  <Project Path="Chapter5_1/Chapter5_1.vcxproj" Id="0aec4516-87cc-4e92-8908-a27c1c8a4969" />
  <Project Path="Chapter5_10/Chapter5_10.vcxproj" Id="0dba429c-fa04-4e6f-aac2-f6705885f279" />
  <Project Path="Chapter5_2/Chapter5_2.vcxproj" Id="757f3b66-8659-4caf-89d7-c472c001d558" />
  <Project Path="Chapter5_3/Chapter5_3.vcxproj" Id="d4464421-5d39-4235-97cb-933ccc4d842c" />
  <Project Path="Chapter5_4/Chapter5_4.vcxproj" Id="64763e8f-d10b-4175-86ff-de5471fa793e" />
  <Project Path="Chapter5_5/Chapter5_5.vcxproj" Id="8da8dfc9-504a-48bc-a1ee-a34816035f8f" />
  <Project Path="Chapter5_6/Chapter5_6.vcxproj" Id="e23450ac-2157-47b2-8d7f-b5e0fe87c60c" />
  <Project Path="Chapter5_7/Chapter5_7.vcxproj" Id="89adab2d-61f8-4338-a0b1-755f0f1c2e25" />
  <Project Path="Chapter5_8/Chapter5_8.vcxproj" Id="30ae1779-0c66-4c23-b5eb-aa7de251251e" />
  <Project Path="Chapter5_9/Chapter5_9.vcxproj" Id="cb213419-9fc9-45d6-8722-0c6f84122e07" />
  <Project Path="Chapter6_1/Chapter6_1.vcxproj" Id="d75fa1b6-a77c-416e-a791-2b5a7554397e" />
  <Project Path="Chapter6_10/Chapter6_10.vcxproj" Id="d29a9588-2f97-419e-b3c6-50c59f5897d9" />
  <Project Path="Chapter6_2/Chapter6_2.vcxproj" Id="1de32fdd-e618-48bd-8c10-1f597dff768f" />
  <Project Path="Chapter6_3/Chapter6_3.vcxproj" Id="621c8138-fdf7-4793-86a4-f04e418a4413" />
  <Project Path="Chapter6_4/Chapter6_4.vcxproj" Id="2df9bed3-fda5-40b5-a76c-02369e7e262a" />
  <Project Path="Chapter6_5/Chapter6_5.vcxproj" Id="9d7091de-610e-4486-bb72-65812af8bae0" />
  <Project Path="Chapter6_6/Chapter6_6.vcxproj" Id="1af0ac9e-5dd4-4410-9183-31fb7c8fa5a3" />
  <Project Path="Chapter6_7/Chapter6_7.vcxproj" Id="65c4c373-92b0-46e8-8674-2db0ab702a20" />
  <Project Path="Chapter6_8/Chapter6_8.vcxproj" Id="a7c16494-692e-4503-bf49-37163c33b0e1" />
  <Project Path="Chapter6_9/Chapter6_9.vcxproj" Id="18052e9a-9a70-45c9-a3e6-ca9840519c02" />
  <Project Path="Chapter7_1/Chapter7_1.vcxproj" Id="249003ce-b3de-4683-b9e1-52f0ab087e0f" />
  <Project Path="Chapter7_10/Chapter7_10.vcxproj" Id="9defbed9-0167-4519-ad7d-c33bc6bb69b8" />
  <Project Path="Chapter7_11/Chapter7_11.vcxproj" Id="d4b86be7-058e-4254-9f1d-a943686db701" />
  <Project Path="Chapter7_12/Chapter7_12.vcxproj" Id="98acd0e8-3eec-47ce-9b38-51e931e094ce" />
  <Project Path="Chapter7_13/Chapter7_13.vcxproj" Id="fcf91a9c-2a74-417b-a6cf-2d41256801e3" />
  <Project Path="Chapter7_14/Chapter7_14.vcxproj" Id="2ac93c3d-d01a-4743-8cfc-e080e911997c" />
  <Project Path="Chapter7_15/Chapter7_15.vcxproj" Id="a91922af-4342-44d5-9ba4-f131e6412122" />
  <Project Path="Chapter7_16/Chapter7_16.vcxproj" Id="612d3832-e46c-4a43-b35a-29d41e0bf062" />
  <Project Path="Chapter7_17/Chapter7_17.vcxproj" Id="c38b2c90-7d9a-4dbc-a1f6-1b5bffd803d4" />
  <Project Path="Chapter7_18/Chapter7_18.vcxproj" Id="5e5f392b-b48a-46ef-b162-c2aebc5e652c" />
  <Project Path="Chapter7_19/Chapter7_19.vcxproj" Id="d5ada625-0cc4-48f3-9c0f-37122a970b31" />
  <Project Path="Chapter7_2/Chapter7_2.vcxproj" Id="5002bec0-91dd-456a-9c17-528b285af8ea" />
  <Project Path="Chapter7_20/Chapter7_20.vcxproj" Id="6c2f92be-a95b-4480-850b-db63ed1be345" />
  <Project Path="Chapter7_21/Chapter7_21.vcxproj" Id="f0a97361-5751-40e0-8ef8-4c334bda569d" />
  <Project Path="Chapter7_3/Chapter7_3.vcxproj" Id="93bde84f-b3cb-484d-bb33-074eb54f988e" />
  <Project Path="Chapter7_4/Chapter7_4.vcxproj" Id="48c7b756-0ec9-4da4-bdd4-3c1b63d450d2" />
  <Project Path="Chapter7_5/Chapter7_5.vcxproj" Id="e6c6d9a2-d705-4e89-b18e-86c731675190" />
  <Project Path="Chapter7_6/Chapter7_6.vcxproj" Id="0c7360f1-c1e8-4675-9aa4-5d2c30c2ee46" />
  <Project Path="Chapter7_7/Chapter7_7.vcxproj" Id="3b0d95c2-0563-4363-9a1d-4123154e5884" />
  <Project Path="Chapter7_7a/Chapter7_7a.vcxproj" Id="9fdded5c-f8f7-44bb-9856-118d59ce051b" />
  <Project Path="Chapter7_8/Chapter7_8.vcxproj" Id="ff0b2aa5-5d29-46b5-a99f-ae872f1cebed" />
  <Project Path="Chapter7_9/Chapter7_9.vcxproj" Id="988f63c8-e4be-4ae2-b9bc-ae92d21b9352" />
  <Project Path="Chapter8_1/Chapter8_1.vcxproj" Id="435a7b63-c1e3-48c1-b0e6-412d5b2c7760" />
  <Project Path="Chapter8_10/Chapter8_10.vcxproj" Id="ca64e1bb-15d5-4233-adb6-a3b83d6e4176" />
  <Project Path="Chapter8_11/Chapter8_11.vcxproj" Id="c1966d2c-f2ea-42ca-93dc-bc996dd0baf5" />
  <Project Path="Chapter8_12/Chapter8_12.vcxproj" Id="cc1acdf6-8311-41cc-a9a9-6e21956d0aa6" />
  <Project Path="Chapter8_13/Chapter8_13.vcxproj" Id="523acd49-6dc5-4cda-8a7d-e8d1aee23bd1" />
  <Project Path="Chapter8_14/Chapter8_14.vcxproj" Id="65aca234-b69c-4c8a-8abb-077301718f9f" />
  <Project Path="Chapter8_15/Chapter8_15.vcxproj" Id="16f2416c-a8c8-4f40-aed4-e0e1a82fa1a7" />
  <Project Path="Chapter8_16/Chapter8_16.vcxproj" Id="7c078042-bf41-49ee-b3be-9d9239bfa2a8" />
  <Project Path="Chapter8_2/Chapter8_2.vcxproj" Id="90329117-d04b-4e54-85e6-3c5b76fdc99a" />
  <Project Path="Chapter8_3/Chapter8_3.vcxproj" Id="2c24ba25-28d1-4e07-8323-e6a88a8f4e9c" />
  <Project Path="Chapter8_4/Chapter8_4.vcxproj" Id="bdfadd5e-f639-4112-92d8-fcf3d9fb3719" />
  <Project Path="Chapter8_5/Chapter8_5.vcxproj" Id="612ff413-24bc-4eb4-b2aa-adb92425d911" />
  <Project Path="Chapter8_6/Chapter8_6.vcxproj" Id="ac3cf7f5-a07b-4ed7-a6d6-fa23989528aa" />
  <Project Path="Chapter8_7/Chapter8_7.vcxproj" Id="d10dd617-3d06-4a22-9775-8021cfb40858" />
  <Project Path="Chapter8_8/Chapter8_8.vcxproj" Id="e92d85d9-79cd-4dae-aaac-f258ebdcf312" />
  <Project Path="Chapter8_9/Chapter8_9.vcxproj" Id="d1e0cc1c-e403-4d1b-b932-371119106c28" />
  <Project Path="Chapter9_1/Chapter9_1.vcxproj" Id="795d3a55-1b35-4267-a5bd-f957d0234b4c" />
  <Project Path="Chapter9_10/Chapter9_10.vcxproj" Id="cdcd4289-285d-457f-8fa2-8d006649ebc7" />
  <Project Path="Chapter9_11/Chapter9_11.vcxproj" Id="4d081a1c-447c-4a21-b2c0-cb1d14e24edf" />
  <Project Path="Chapter9_12/Chapter9_12.vcxproj" Id="f806fd68-917f-46fa-b217-bf1bf285c35f" />
  <Project Path="Chapter9_13/Chapter9_13.vcxproj" Id="96a55a25-b74f-44cb-995b-b39a6894c3a2" />
  <Project Path="Chapter9_14/Chapter9_14.vcxproj" Id="a4ea30a7-ab35-42c9-9305-37bb3b7a2f34" />
  <Project Path="Chapter9_15/Chapter9_15.vcxproj" Id="df3359ce-5f7b-45aa-aa29-113cb23e89a9" />
  <Project Path="Chapter9_2/Chapter9_2.vcxproj" Id="e691d7e8-d077-4dc0-b12a-381ecc3d2649" />
  <Project Path="Chapter9_3/Chapter9_3.vcxproj" Id="b44f67d8-5574-4fd3-a7c7-4d88dd0a21aa" />
  <Project Path="Chapter9_4/Chapter9_4.vcxproj" Id="00235584-02d2-4bc6-8851-b36d921f0632" />
  <Project Path="Chapter9_5/Chapter9_5.vcxproj" Id="9af09a8a-ffc1-4697-9f3e-8e7fab6c466b" />
  <Project Path="Chapter9_6/Chapter9_6.vcxproj" Id="245d5c62-04e4-4513-aecc-1fab5d369317" />
  <Project Path="Chapter9_7/Chapter9_7.vcxproj" Id="4e5089fc-4460-4ca2-86a1-51dc2a8d076a" />
  <Project Path="Chapter9_8/Chapter9_8.vcxproj" Id="d4ce4f1c-92d7-444d-a1ab-6b5b068e2f5d" />
  <Project Path="Chapter9_9/Chapter9_9.vcxproj" Id="711a5b6e-30eb-4b1c-b8be-025966c5c148" />
</Solution>
