<Solution>
  <Configurations>
    <Platform Name="x64" />
    <Platform Name="x86" />
  </Configurations>
  <Project Path="Chapter1_1/Chapter1_1.vcxproj" Id="2cdc9ef2-0c95-405d-a112-2d2e49abd62c" />
  <Project Path="Chapter2_1/Chapter2_1.vcxproj" Id="00394ad7-b4b9-4514-ad26-ea3505445ea2" />
  <Project Path="Chapter2_10/Chapter2_10.vcxproj" Id="b960e2c3-1646-4bff-aa3e-fb36c766d773" />
  <Project Path="Chapter2_2/Chapter2_2.vcxproj" Id="52b53d64-e394-4c28-bc61-910ccbd12c48" />
  <Project Path="Chapter2_3/Chapter2_3.vcxproj" Id="f8c8f914-b4a0-4f2f-9adb-a0cbdde38380" />
  <Project Path="Chapter2_4/Chapter2_4.vcxproj" Id="d6cc7fcd-28ec-4f03-a5eb-a96f5b0de50d" />
  <Project Path="Chapter2_5/Chapter2_5.vcxproj" Id="eb04a2a4-2d05-40cc-8854-b290231cda11" />
  <Project Path="Chapter2_6/Chapter2_6.vcxproj" Id="d04c1827-e17f-4b25-a5f7-69acd1d7e631" />
  <Project Path="Chapter2_7/Chapter2_7.vcxproj" Id="171b9a8c-6582-4193-8c96-367ab37e7461" />
  <Project Path="Chapter2_8/Chapter2_8.vcxproj" Id="f53d89f1-196d-41ca-89a8-a34cec32acbb" />
  <Project Path="Chapter2_9/Chapter2_9.vcxproj" Id="37fc8646-1be4-4e31-b94d-f0ace8ac65d0" />
  <Project Path="Chapter3_1/Chapter3_1.vcxproj" Id="af995f2a-d79d-4256-bd7e-17ad1aeb911c" />
  <Project Path="Chapter3_2/Chapter3_2.vcxproj" Id="f9409033-da56-4e99-8a8c-ccfd2ff1fa86" />
</Solution>
